// !$*UTF8*$!
{
	archiveVersion = 1;
	classes = {
	};
	objectVersion = 55;
	objects = {

/* Begin PBXBuildFile section */
		2A3734944CA051F44641B19A /* Pods_StudyWebRTC.framework in Frameworks */ = {isa = PBXBuildFile; fileRef = 6DB312E66DAF100C33C316AC /* Pods_StudyWebRTC.framework */; };
		F183361429BEE21200D872CE /* AppDelegate.swift in Sources */ = {isa = PBXBuildFile; fileRef = F183361329BEE21200D872CE /* AppDelegate.swift */; };
		F183361629BEE21200D872CE /* SceneDelegate.swift in Sources */ = {isa = PBXBuildFile; fileRef = F183361529BEE21200D872CE /* SceneDelegate.swift */; };
		F183361D29BEE21400D872CE /* Assets.xcassets in Resources */ = {isa = PBXBuildFile; fileRef = F183361C29BEE21400D872CE /* Assets.xcassets */; };
		F183362029BEE21400D872CE /* LaunchScreen.storyboard in Resources */ = {isa = PBXBuildFile; fileRef = F183361E29BEE21400D872CE /* LaunchScreen.storyboard */; };
		F183364829BEFDD200D872CE /* Config.swift in Sources */ = {isa = PBXBuildFile; fileRef = F183364729BEFDD200D872CE /* Config.swift */; };
		F183365029BF01AB00D872CE /* RTCStates.swift in Sources */ = {isa = PBXBuildFile; fileRef = F183364F29BF01AB00D872CE /* RTCStates.swift */; };
		F183365229BF01B300D872CE /* SessionDescription.swift in Sources */ = {isa = PBXBuildFile; fileRef = F183365129BF01B300D872CE /* SessionDescription.swift */; };
		F183365429BF01BE00D872CE /* IceCandidate.swift in Sources */ = {isa = PBXBuildFile; fileRef = F183365329BF01BE00D872CE /* IceCandidate.swift */; };
		F183365729BF035300D872CE /* WebSocketProvider.swift in Sources */ = {isa = PBXBuildFile; fileRef = F183365629BF035300D872CE /* WebSocketProvider.swift */; };
		F183365929BF036500D872CE /* StarscreamProvider.swift in Sources */ = {isa = PBXBuildFile; fileRef = F183365829BF036500D872CE /* StarscreamProvider.swift */; };
		F183365B29BF037400D872CE /* NativeWebSocket.swift in Sources */ = {isa = PBXBuildFile; fileRef = F183365A29BF037400D872CE /* NativeWebSocket.swift */; };
		F183365D29BF03AF00D872CE /* SignalingClient.swift in Sources */ = {isa = PBXBuildFile; fileRef = F183365C29BF03AF00D872CE /* SignalingClient.swift */; };
		F183365F29BF03BA00D872CE /* WebRTCClient.swift in Sources */ = {isa = PBXBuildFile; fileRef = F183365E29BF03BA00D872CE /* WebRTCClient.swift */; };
		F183366129BF03C200D872CE /* Message.swift in Sources */ = {isa = PBXBuildFile; fileRef = F183366029BF03C200D872CE /* Message.swift */; };
		F183366A29BF04C700D872CE /* MainViewController.swift in Sources */ = {isa = PBXBuildFile; fileRef = F183366829BF04C700D872CE /* MainViewController.swift */; };
		F183366B29BF04C700D872CE /* MainViewController.xib in Resources */ = {isa = PBXBuildFile; fileRef = F183366929BF04C700D872CE /* MainViewController.xib */; };
		F183366E29BF04E000D872CE /* VideoViewController.swift in Sources */ = {isa = PBXBuildFile; fileRef = F183366C29BF04E000D872CE /* VideoViewController.swift */; };
		F183366F29BF04E000D872CE /* VideoViewController.xib in Resources */ = {isa = PBXBuildFile; fileRef = F183366D29BF04E000D872CE /* VideoViewController.xib */; };
/* End PBXBuildFile section */

/* Begin PBXFileReference section */
		1D360E354D2768C5DE0A7787 /* Pods-StudyWebRTC.debug.xcconfig */ = {isa = PBXFileReference; includeInIndex = 1; lastKnownFileType = text.xcconfig; name = "Pods-StudyWebRTC.debug.xcconfig"; path = "Target Support Files/Pods-StudyWebRTC/Pods-StudyWebRTC.debug.xcconfig"; sourceTree = "<group>"; };
		6DB312E66DAF100C33C316AC /* Pods_StudyWebRTC.framework */ = {isa = PBXFileReference; explicitFileType = wrapper.framework; includeInIndex = 0; path = Pods_StudyWebRTC.framework; sourceTree = BUILT_PRODUCTS_DIR; };
		BFA5DAF7B65C1639E5D0C520 /* Pods-StudyWebRTC.release.xcconfig */ = {isa = PBXFileReference; includeInIndex = 1; lastKnownFileType = text.xcconfig; name = "Pods-StudyWebRTC.release.xcconfig"; path = "Target Support Files/Pods-StudyWebRTC/Pods-StudyWebRTC.release.xcconfig"; sourceTree = "<group>"; };
		F183361029BEE21200D872CE /* StudyWebRTC.app */ = {isa = PBXFileReference; explicitFileType = wrapper.application; includeInIndex = 0; path = StudyWebRTC.app; sourceTree = BUILT_PRODUCTS_DIR; };
		F183361329BEE21200D872CE /* AppDelegate.swift */ = {isa = PBXFileReference; lastKnownFileType = sourcecode.swift; path = AppDelegate.swift; sourceTree = "<group>"; };
		F183361529BEE21200D872CE /* SceneDelegate.swift */ = {isa = PBXFileReference; lastKnownFileType = sourcecode.swift; path = SceneDelegate.swift; sourceTree = "<group>"; };
		F183361C29BEE21400D872CE /* Assets.xcassets */ = {isa = PBXFileReference; lastKnownFileType = folder.assetcatalog; path = Assets.xcassets; sourceTree = "<group>"; };
		F183361F29BEE21400D872CE /* Base */ = {isa = PBXFileReference; lastKnownFileType = file.storyboard; name = Base; path = Base.lproj/LaunchScreen.storyboard; sourceTree = "<group>"; };
		F183362129BEE21400D872CE /* Info.plist */ = {isa = PBXFileReference; lastKnownFileType = text.plist.xml; path = Info.plist; sourceTree = "<group>"; };
		F183364729BEFDD200D872CE /* Config.swift */ = {isa = PBXFileReference; lastKnownFileType = sourcecode.swift; path = Config.swift; sourceTree = "<group>"; };
		F183364F29BF01AB00D872CE /* RTCStates.swift */ = {isa = PBXFileReference; lastKnownFileType = sourcecode.swift; path = RTCStates.swift; sourceTree = "<group>"; };
		F183365129BF01B300D872CE /* SessionDescription.swift */ = {isa = PBXFileReference; lastKnownFileType = sourcecode.swift; path = SessionDescription.swift; sourceTree = "<group>"; };
		F183365329BF01BE00D872CE /* IceCandidate.swift */ = {isa = PBXFileReference; lastKnownFileType = sourcecode.swift; path = IceCandidate.swift; sourceTree = "<group>"; };
		F183365629BF035300D872CE /* WebSocketProvider.swift */ = {isa = PBXFileReference; lastKnownFileType = sourcecode.swift; path = WebSocketProvider.swift; sourceTree = "<group>"; };
		F183365829BF036500D872CE /* StarscreamProvider.swift */ = {isa = PBXFileReference; lastKnownFileType = sourcecode.swift; path = StarscreamProvider.swift; sourceTree = "<group>"; };
		F183365A29BF037400D872CE /* NativeWebSocket.swift */ = {isa = PBXFileReference; lastKnownFileType = sourcecode.swift; path = NativeWebSocket.swift; sourceTree = "<group>"; };
		F183365C29BF03AF00D872CE /* SignalingClient.swift */ = {isa = PBXFileReference; lastKnownFileType = sourcecode.swift; path = SignalingClient.swift; sourceTree = "<group>"; };
		F183365E29BF03BA00D872CE /* WebRTCClient.swift */ = {isa = PBXFileReference; lastKnownFileType = sourcecode.swift; path = WebRTCClient.swift; sourceTree = "<group>"; };
		F183366029BF03C200D872CE /* Message.swift */ = {isa = PBXFileReference; lastKnownFileType = sourcecode.swift; path = Message.swift; sourceTree = "<group>"; };
		F183366829BF04C700D872CE /* MainViewController.swift */ = {isa = PBXFileReference; lastKnownFileType = sourcecode.swift; path = MainViewController.swift; sourceTree = "<group>"; };
		F183366929BF04C700D872CE /* MainViewController.xib */ = {isa = PBXFileReference; lastKnownFileType = file.xib; path = MainViewController.xib; sourceTree = "<group>"; };
		F183366C29BF04E000D872CE /* VideoViewController.swift */ = {isa = PBXFileReference; lastKnownFileType = sourcecode.swift; path = VideoViewController.swift; sourceTree = "<group>"; };
		F183366D29BF04E000D872CE /* VideoViewController.xib */ = {isa = PBXFileReference; lastKnownFileType = file.xib; path = VideoViewController.xib; sourceTree = "<group>"; };
/* End PBXFileReference section */

/* Begin PBXFrameworksBuildPhase section */
		F183360D29BEE21200D872CE /* Frameworks */ = {
			isa = PBXFrameworksBuildPhase;
			buildActionMask = 2147483647;
			files = (
				2A3734944CA051F44641B19A /* Pods_StudyWebRTC.framework in Frameworks */,
			);
			runOnlyForDeploymentPostprocessing = 0;
		};
/* End PBXFrameworksBuildPhase section */

/* Begin PBXGroup section */
		ACBE34F0A302511195254975 /* Pods */ = {
			isa = PBXGroup;
			children = (
				1D360E354D2768C5DE0A7787 /* Pods-StudyWebRTC.debug.xcconfig */,
				BFA5DAF7B65C1639E5D0C520 /* Pods-StudyWebRTC.release.xcconfig */,
			);
			path = Pods;
			sourceTree = "<group>";
		};
		B6CF9EB618ADAA9FB27F0FE9 /* Frameworks */ = {
			isa = PBXGroup;
			children = (
				6DB312E66DAF100C33C316AC /* Pods_StudyWebRTC.framework */,
			);
			name = Frameworks;
			sourceTree = "<group>";
		};
		F183360729BEE21200D872CE = {
			isa = PBXGroup;
			children = (
				F183361229BEE21200D872CE /* StudyWebRTC */,
				F183361129BEE21200D872CE /* Products */,
				ACBE34F0A302511195254975 /* Pods */,
				B6CF9EB618ADAA9FB27F0FE9 /* Frameworks */,
			);
			sourceTree = "<group>";
		};
		F183361129BEE21200D872CE /* Products */ = {
			isa = PBXGroup;
			children = (
				F183361029BEE21200D872CE /* StudyWebRTC.app */,
			);
			name = Products;
			sourceTree = "<group>";
		};
		F183361229BEE21200D872CE /* StudyWebRTC */ = {
			isa = PBXGroup;
			children = (
				F183362129BEE21400D872CE /* Info.plist */,
				F183364B29BF010800D872CE /* Services */,
				F183364C29BF011D00D872CE /* Screens */,
				F183364D29BF012700D872CE /* Extensions */,
				F183361529BEE21200D872CE /* SceneDelegate.swift */,
				F183361329BEE21200D872CE /* AppDelegate.swift */,
				F183364729BEFDD200D872CE /* Config.swift */,
				F183364E29BF013300D872CE /* Resources */,
				F183364929BF00B800D872CE /* SupportingFiles */,
			);
			path = StudyWebRTC;
			sourceTree = "<group>";
		};
		F183364929BF00B800D872CE /* SupportingFiles */ = {
			isa = PBXGroup;
			children = (
				F183361E29BEE21400D872CE /* LaunchScreen.storyboard */,
			);
			path = SupportingFiles;
			sourceTree = "<group>";
		};
		F183364B29BF010800D872CE /* Services */ = {
			isa = PBXGroup;
			children = (
				F183365529BF033400D872CE /* WebSocketProvider */,
				F183365C29BF03AF00D872CE /* SignalingClient.swift */,
				F183365E29BF03BA00D872CE /* WebRTCClient.swift */,
				F183366029BF03C200D872CE /* Message.swift */,
			);
			path = Services;
			sourceTree = "<group>";
		};
		F183364C29BF011D00D872CE /* Screens */ = {
			isa = PBXGroup;
			children = (
				F183366429BF046200D872CE /* MainScreen */,
				F183366529BF046900D872CE /* VideoScreen */,
			);
			path = Screens;
			sourceTree = "<group>";
		};
		F183364D29BF012700D872CE /* Extensions */ = {
			isa = PBXGroup;
			children = (
				F183364F29BF01AB00D872CE /* RTCStates.swift */,
				F183365129BF01B300D872CE /* SessionDescription.swift */,
				F183365329BF01BE00D872CE /* IceCandidate.swift */,
			);
			path = Extensions;
			sourceTree = "<group>";
		};
		F183364E29BF013300D872CE /* Resources */ = {
			isa = PBXGroup;
			children = (
				F183361C29BEE21400D872CE /* Assets.xcassets */,
			);
			path = Resources;
			sourceTree = "<group>";
		};
		F183365529BF033400D872CE /* WebSocketProvider */ = {
			isa = PBXGroup;
			children = (
				F183365629BF035300D872CE /* WebSocketProvider.swift */,
				F183365829BF036500D872CE /* StarscreamProvider.swift */,
				F183365A29BF037400D872CE /* NativeWebSocket.swift */,
			);
			path = WebSocketProvider;
			sourceTree = "<group>";
		};
		F183366429BF046200D872CE /* MainScreen */ = {
			isa = PBXGroup;
			children = (
				F183366829BF04C700D872CE /* MainViewController.swift */,
				F183366929BF04C700D872CE /* MainViewController.xib */,
			);
			path = MainScreen;
			sourceTree = "<group>";
		};
		F183366529BF046900D872CE /* VideoScreen */ = {
			isa = PBXGroup;
			children = (
				F183366C29BF04E000D872CE /* VideoViewController.swift */,
				F183366D29BF04E000D872CE /* VideoViewController.xib */,
			);
			path = VideoScreen;
			sourceTree = "<group>";
		};
/* End PBXGroup section */

/* Begin PBXNativeTarget section */
		F183360F29BEE21200D872CE /* StudyWebRTC */ = {
			isa = PBXNativeTarget;
			buildConfigurationList = F183362429BEE21400D872CE /* Build configuration list for PBXNativeTarget "StudyWebRTC" */;
			buildPhases = (
				AA7ECBFA3083602FD13B639A /* [CP] Check Pods Manifest.lock */,
				F183360C29BEE21200D872CE /* Sources */,
				F183360D29BEE21200D872CE /* Frameworks */,
				F183360E29BEE21200D872CE /* Resources */,
				BF48659F7163A9189A334AA8 /* [CP] Embed Pods Frameworks */,
			);
			buildRules = (
			);
			dependencies = (
			);
			name = StudyWebRTC;
			productName = StudyWebRTC;
			productReference = F183361029BEE21200D872CE /* StudyWebRTC.app */;
			productType = "com.apple.product-type.application";
		};
/* End PBXNativeTarget section */

/* Begin PBXProject section */
		F183360829BEE21200D872CE /* Project object */ = {
			isa = PBXProject;
			attributes = {
				BuildIndependentTargetsInParallel = 1;
				LastSwiftUpdateCheck = 1420;
				LastUpgradeCheck = 1420;
				TargetAttributes = {
					F183360F29BEE21200D872CE = {
						CreatedOnToolsVersion = 14.2;
					};
				};
			};
			buildConfigurationList = F183360B29BEE21200D872CE /* Build configuration list for PBXProject "StudyWebRTC" */;
			compatibilityVersion = "Xcode 13.0";
			developmentRegion = en;
			hasScannedForEncodings = 0;
			knownRegions = (
				en,
				Base,
			);
			mainGroup = F183360729BEE21200D872CE;
			productRefGroup = F183361129BEE21200D872CE /* Products */;
			projectDirPath = "";
			projectRoot = "";
			targets = (
				F183360F29BEE21200D872CE /* StudyWebRTC */,
			);
		};
/* End PBXProject section */

/* Begin PBXResourcesBuildPhase section */
		F183360E29BEE21200D872CE /* Resources */ = {
			isa = PBXResourcesBuildPhase;
			buildActionMask = 2147483647;
			files = (
				F183362029BEE21400D872CE /* LaunchScreen.storyboard in Resources */,
				F183366B29BF04C700D872CE /* MainViewController.xib in Resources */,
				F183366F29BF04E000D872CE /* VideoViewController.xib in Resources */,
				F183361D29BEE21400D872CE /* Assets.xcassets in Resources */,
			);
			runOnlyForDeploymentPostprocessing = 0;
		};
/* End PBXResourcesBuildPhase section */

/* Begin PBXShellScriptBuildPhase section */
		AA7ECBFA3083602FD13B639A /* [CP] Check Pods Manifest.lock */ = {
			isa = PBXShellScriptBuildPhase;
			buildActionMask = 2147483647;
			files = (
			);
			inputFileListPaths = (
			);
			inputPaths = (
				"${PODS_PODFILE_DIR_PATH}/Podfile.lock",
				"${PODS_ROOT}/Manifest.lock",
			);
			name = "[CP] Check Pods Manifest.lock";
			outputFileListPaths = (
			);
			outputPaths = (
				"$(DERIVED_FILE_DIR)/Pods-StudyWebRTC-checkManifestLockResult.txt",
			);
			runOnlyForDeploymentPostprocessing = 0;
			shellPath = /bin/sh;
			shellScript = "diff \"${PODS_PODFILE_DIR_PATH}/Podfile.lock\" \"${PODS_ROOT}/Manifest.lock\" > /dev/null\nif [ $? != 0 ] ; then\n    # print error to STDERR\n    echo \"error: The sandbox is not in sync with the Podfile.lock. Run 'pod install' or update your CocoaPods installation.\" >&2\n    exit 1\nfi\n# This output is used by Xcode 'outputs' to avoid re-running this script phase.\necho \"SUCCESS\" > \"${SCRIPT_OUTPUT_FILE_0}\"\n";
			showEnvVarsInLog = 0;
		};
		BF48659F7163A9189A334AA8 /* [CP] Embed Pods Frameworks */ = {
			isa = PBXShellScriptBuildPhase;
			buildActionMask = 2147483647;
			files = (
			);
			inputFileListPaths = (
				"${PODS_ROOT}/Target Support Files/Pods-StudyWebRTC/Pods-StudyWebRTC-frameworks-${CONFIGURATION}-input-files.xcfilelist",
			);
			name = "[CP] Embed Pods Frameworks";
			outputFileListPaths = (
				"${PODS_ROOT}/Target Support Files/Pods-StudyWebRTC/Pods-StudyWebRTC-frameworks-${CONFIGURATION}-output-files.xcfilelist",
			);
			runOnlyForDeploymentPostprocessing = 0;
			shellPath = /bin/sh;
			shellScript = "\"${PODS_ROOT}/Target Support Files/Pods-StudyWebRTC/Pods-StudyWebRTC-frameworks.sh\"\n";
			showEnvVarsInLog = 0;
		};
/* End PBXShellScriptBuildPhase section */

/* Begin PBXSourcesBuildPhase section */
		F183360C29BEE21200D872CE /* Sources */ = {
			isa = PBXSourcesBuildPhase;
			buildActionMask = 2147483647;
			files = (
				F183365229BF01B300D872CE /* SessionDescription.swift in Sources */,
				F183366A29BF04C700D872CE /* MainViewController.swift in Sources */,
				F183364829BEFDD200D872CE /* Config.swift in Sources */,
				F183361429BEE21200D872CE /* AppDelegate.swift in Sources */,
				F183365929BF036500D872CE /* StarscreamProvider.swift in Sources */,
				F183365729BF035300D872CE /* WebSocketProvider.swift in Sources */,
				F183365D29BF03AF00D872CE /* SignalingClient.swift in Sources */,
				F183361629BEE21200D872CE /* SceneDelegate.swift in Sources */,
				F183366E29BF04E000D872CE /* VideoViewController.swift in Sources */,
				F183365B29BF037400D872CE /* NativeWebSocket.swift in Sources */,
				F183365029BF01AB00D872CE /* RTCStates.swift in Sources */,
				F183366129BF03C200D872CE /* Message.swift in Sources */,
				F183365F29BF03BA00D872CE /* WebRTCClient.swift in Sources */,
				F183365429BF01BE00D872CE /* IceCandidate.swift in Sources */,
			);
			runOnlyForDeploymentPostprocessing = 0;
		};
/* End PBXSourcesBuildPhase section */

/* Begin PBXVariantGroup section */
		F183361E29BEE21400D872CE /* LaunchScreen.storyboard */ = {
			isa = PBXVariantGroup;
			children = (
				F183361F29BEE21400D872CE /* Base */,
			);
			name = LaunchScreen.storyboard;
			sourceTree = "<group>";
		};
/* End PBXVariantGroup section */

/* Begin XCBuildConfiguration section */
		F183362229BEE21400D872CE /* Debug */ = {
			isa = XCBuildConfiguration;
			buildSettings = {
				ALWAYS_SEARCH_USER_PATHS = NO;
				CLANG_ANALYZER_NONNULL = YES;
				CLANG_ANALYZER_NUMBER_OBJECT_CONVERSION = YES_AGGRESSIVE;
				CLANG_CXX_LANGUAGE_STANDARD = "gnu++20";
				CLANG_ENABLE_MODULES = YES;
				CLANG_ENABLE_OBJC_ARC = YES;
				CLANG_ENABLE_OBJC_WEAK = YES;
				CLANG_WARN_BLOCK_CAPTURE_AUTORELEASING = YES;
				CLANG_WARN_BOOL_CONVERSION = YES;
				CLANG_WARN_COMMA = YES;
				CLANG_WARN_CONSTANT_CONVERSION = YES;
				CLANG_WARN_DEPRECATED_OBJC_IMPLEMENTATIONS = YES;
				CLANG_WARN_DIRECT_OBJC_ISA_USAGE = YES_ERROR;
				CLANG_WARN_DOCUMENTATION_COMMENTS = YES;
				CLANG_WARN_EMPTY_BODY = YES;
				CLANG_WARN_ENUM_CONVERSION = YES;
				CLANG_WARN_INFINITE_RECURSION = YES;
				CLANG_WARN_INT_CONVERSION = YES;
				CLANG_WARN_NON_LITERAL_NULL_CONVERSION = YES;
				CLANG_WARN_OBJC_IMPLICIT_RETAIN_SELF = YES;
				CLANG_WARN_OBJC_LITERAL_CONVERSION = YES;
				CLANG_WARN_OBJC_ROOT_CLASS = YES_ERROR;
				CLANG_WARN_QUOTED_INCLUDE_IN_FRAMEWORK_HEADER = YES;
				CLANG_WARN_RANGE_LOOP_ANALYSIS = YES;
				CLANG_WARN_STRICT_PROTOTYPES = YES;
				CLANG_WARN_SUSPICIOUS_MOVE = YES;
				CLANG_WARN_UNGUARDED_AVAILABILITY = YES_AGGRESSIVE;
				CLANG_WARN_UNREACHABLE_CODE = YES;
				CLANG_WARN__DUPLICATE_METHOD_MATCH = YES;
				COPY_PHASE_STRIP = NO;
				DEBUG_INFORMATION_FORMAT = dwarf;
				ENABLE_STRICT_OBJC_MSGSEND = YES;
				ENABLE_TESTABILITY = YES;
				GCC_C_LANGUAGE_STANDARD = gnu11;
				GCC_DYNAMIC_NO_PIC = NO;
				GCC_NO_COMMON_BLOCKS = YES;
				GCC_OPTIMIZATION_LEVEL = 0;
				GCC_PREPROCESSOR_DEFINITIONS = (
					"DEBUG=1",
					"$(inherited)",
				);
				GCC_WARN_64_TO_32_BIT_CONVERSION = YES;
				GCC_WARN_ABOUT_RETURN_TYPE = YES_ERROR;
				GCC_WARN_UNDECLARED_SELECTOR = YES;
				GCC_WARN_UNINITIALIZED_AUTOS = YES_AGGRESSIVE;
				GCC_WARN_UNUSED_FUNCTION = YES;
				GCC_WARN_UNUSED_VARIABLE = YES;
				IPHONEOS_DEPLOYMENT_TARGET = 16.2;
				MTL_ENABLE_DEBUG_INFO = INCLUDE_SOURCE;
				MTL_FAST_MATH = YES;
				ONLY_ACTIVE_ARCH = YES;
				SDKROOT = iphoneos;
				SWIFT_ACTIVE_COMPILATION_CONDITIONS = DEBUG;
				SWIFT_OPTIMIZATION_LEVEL = "-Onone";
			};
			name = Debug;
		};
		F183362329BEE21400D872CE /* Release */ = {
			isa = XCBuildConfiguration;
			buildSettings = {
				ALWAYS_SEARCH_USER_PATHS = NO;
				CLANG_ANALYZER_NONNULL = YES;
				CLANG_ANALYZER_NUMBER_OBJECT_CONVERSION = YES_AGGRESSIVE;
				CLANG_CXX_LANGUAGE_STANDARD = "gnu++20";
				CLANG_ENABLE_MODULES = YES;
				CLANG_ENABLE_OBJC_ARC = YES;
				CLANG_ENABLE_OBJC_WEAK = YES;
				CLANG_WARN_BLOCK_CAPTURE_AUTORELEASING = YES;
				CLANG_WARN_BOOL_CONVERSION = YES;
				CLANG_WARN_COMMA = YES;
				CLANG_WARN_CONSTANT_CONVERSION = YES;
				CLANG_WARN_DEPRECATED_OBJC_IMPLEMENTATIONS = YES;
				CLANG_WARN_DIRECT_OBJC_ISA_USAGE = YES_ERROR;
				CLANG_WARN_DOCUMENTATION_COMMENTS = YES;
				CLANG_WARN_EMPTY_BODY = YES;
				CLANG_WARN_ENUM_CONVERSION = YES;
				CLANG_WARN_INFINITE_RECURSION = YES;
				CLANG_WARN_INT_CONVERSION = YES;
				CLANG_WARN_NON_LITERAL_NULL_CONVERSION = YES;
				CLANG_WARN_OBJC_IMPLICIT_RETAIN_SELF = YES;
				CLANG_WARN_OBJC_LITERAL_CONVERSION = YES;
				CLANG_WARN_OBJC_ROOT_CLASS = YES_ERROR;
				CLANG_WARN_QUOTED_INCLUDE_IN_FRAMEWORK_HEADER = YES;
				CLANG_WARN_RANGE_LOOP_ANALYSIS = YES;
				CLANG_WARN_STRICT_PROTOTYPES = YES;
				CLANG_WARN_SUSPICIOUS_MOVE = YES;
				CLANG_WARN_UNGUARDED_AVAILABILITY = YES_AGGRESSIVE;
				CLANG_WARN_UNREACHABLE_CODE = YES;
				CLANG_WARN__DUPLICATE_METHOD_MATCH = YES;
				COPY_PHASE_STRIP = NO;
				DEBUG_INFORMATION_FORMAT = "dwarf-with-dsym";
				ENABLE_NS_ASSERTIONS = NO;
				ENABLE_STRICT_OBJC_MSGSEND = YES;
				GCC_C_LANGUAGE_STANDARD = gnu11;
				GCC_NO_COMMON_BLOCKS = YES;
				GCC_WARN_64_TO_32_BIT_CONVERSION = YES;
				GCC_WARN_ABOUT_RETURN_TYPE = YES_ERROR;
				GCC_WARN_UNDECLARED_SELECTOR = YES;
				GCC_WARN_UNINITIALIZED_AUTOS = YES_AGGRESSIVE;
				GCC_WARN_UNUSED_FUNCTION = YES;
				GCC_WARN_UNUSED_VARIABLE = YES;
				IPHONEOS_DEPLOYMENT_TARGET = 16.2;
				MTL_ENABLE_DEBUG_INFO = NO;
				MTL_FAST_MATH = YES;
				SDKROOT = iphoneos;
				SWIFT_COMPILATION_MODE = wholemodule;
				SWIFT_OPTIMIZATION_LEVEL = "-O";
				VALIDATE_PRODUCT = YES;
			};
			name = Release;
		};
		F183362529BEE21400D872CE /* Debug */ = {
			isa = XCBuildConfiguration;
			baseConfigurationReference = 1D360E354D2768C5DE0A7787 /* Pods-StudyWebRTC.debug.xcconfig */;
			buildSettings = {
				ASSETCATALOG_COMPILER_APPICON_NAME = AppIcon;
				ASSETCATALOG_COMPILER_GLOBAL_ACCENT_COLOR_NAME = AccentColor;
				CODE_SIGN_STYLE = Automatic;
				CURRENT_PROJECT_VERSION = 1;
				DEVELOPMENT_TEAM = PKMHCGLVJP;
				GENERATE_INFOPLIST_FILE = YES;
				INFOPLIST_FILE = StudyWebRTC/Info.plist;
				INFOPLIST_KEY_UIApplicationSupportsIndirectInputEvents = YES;
				INFOPLIST_KEY_UILaunchStoryboardName = LaunchScreen;
				INFOPLIST_KEY_UIMainStoryboardFile = Main;
				INFOPLIST_KEY_UISupportedInterfaceOrientations_iPad = "UIInterfaceOrientationPortrait UIInterfaceOrientationPortraitUpsideDown UIInterfaceOrientationLandscapeLeft UIInterfaceOrientationLandscapeRight";
				INFOPLIST_KEY_UISupportedInterfaceOrientations_iPhone = "UIInterfaceOrientationPortrait UIInterfaceOrientationLandscapeLeft UIInterfaceOrientationLandscapeRight";
				LD_RUNPATH_SEARCH_PATHS = (
					"$(inherited)",
					"@executable_path/Frameworks",
				);
				MARKETING_VERSION = 1.0;
				PRODUCT_BUNDLE_IDENTIFIER = io.hiepchau.StudyWebRTC;
				PRODUCT_NAME = "$(TARGET_NAME)";
				SWIFT_EMIT_LOC_STRINGS = YES;
				SWIFT_VERSION = 5.0;
				TARGETED_DEVICE_FAMILY = "1,2";
			};
			name = Debug;
		};
		F183362629BEE21400D872CE /* Release */ = {
			isa = XCBuildConfiguration;
			baseConfigurationReference = BFA5DAF7B65C1639E5D0C520 /* Pods-StudyWebRTC.release.xcconfig */;
			buildSettings = {
				ASSETCATALOG_COMPILER_APPICON_NAME = AppIcon;
				ASSETCATALOG_COMPILER_GLOBAL_ACCENT_COLOR_NAME = AccentColor;
				CODE_SIGN_STYLE = Automatic;
				CURRENT_PROJECT_VERSION = 1;
				DEVELOPMENT_TEAM = PKMHCGLVJP;
				GENERATE_INFOPLIST_FILE = YES;
				INFOPLIST_FILE = StudyWebRTC/Info.plist;
				INFOPLIST_KEY_UIApplicationSupportsIndirectInputEvents = YES;
				INFOPLIST_KEY_UILaunchStoryboardName = LaunchScreen;
				INFOPLIST_KEY_UIMainStoryboardFile = Main;
				INFOPLIST_KEY_UISupportedInterfaceOrientations_iPad = "UIInterfaceOrientationPortrait UIInterfaceOrientationPortraitUpsideDown UIInterfaceOrientationLandscapeLeft UIInterfaceOrientationLandscapeRight";
				INFOPLIST_KEY_UISupportedInterfaceOrientations_iPhone = "UIInterfaceOrientationPortrait UIInterfaceOrientationLandscapeLeft UIInterfaceOrientationLandscapeRight";
				LD_RUNPATH_SEARCH_PATHS = (
					"$(inherited)",
					"@executable_path/Frameworks",
				);
				MARKETING_VERSION = 1.0;
				PRODUCT_BUNDLE_IDENTIFIER = io.hiepchau.StudyWebRTC;
				PRODUCT_NAME = "$(TARGET_NAME)";
				SWIFT_EMIT_LOC_STRINGS = YES;
				SWIFT_VERSION = 5.0;
				TARGETED_DEVICE_FAMILY = "1,2";
			};
			name = Release;
		};
/* End XCBuildConfiguration section */

/* Begin XCConfigurationList section */
		F183360B29BEE21200D872CE /* Build configuration list for PBXProject "StudyWebRTC" */ = {
			isa = XCConfigurationList;
			buildConfigurations = (
				F183362229BEE21400D872CE /* Debug */,
				F183362329BEE21400D872CE /* Release */,
			);
			defaultConfigurationIsVisible = 0;
			defaultConfigurationName = Release;
		};
		F183362429BEE21400D872CE /* Build configuration list for PBXNativeTarget "StudyWebRTC" */ = {
			isa = XCConfigurationList;
			buildConfigurations = (
				F183362529BEE21400D872CE /* Debug */,
				F183362629BEE21400D872CE /* Release */,
			);
			defaultConfigurationIsVisible = 0;
			defaultConfigurationName = Release;
		};
/* End XCConfigurationList section */
	};
	rootObject = F183360829BEE21200D872CE /* Project object */;
}
